Microsoft Visual Studio Solution File, Format Version 12.00
# Visual Studio 15
Project("{FAE04EC0-301F-11D3-BF4B-00C04F79EFBC}") = "Assembly-CSharp", "Assembly-CSharp.csproj", "{12595188-6625-C056-4C92-F9D2DD8BB77C}"
EndProject
Project("{FAE04EC0-301F-11D3-BF4B-00C04F79EFBC}") = "Oculus.VR", "Oculus.VR.csproj", "{B5637947-15CB-BE6C-251A-F2AE0CB18FF2}"
EndProject
Project("{FAE04EC0-301F-11D3-BF4B-00C04F79EFBC}") = "Oculus.VR.Scripts.Editor", "Oculus.VR.Scripts.Editor.csproj", "{E37E80C4-92EF-908F-9942-895DD54A6E57}"
EndProject
Project("{FAE04EC0-301F-11D3-BF4B-00C04F79EFBC}") = "Oculus.VR.Editor", "Oculus.VR.Editor.csproj", "{3FA6CE3A-50F7-B80C-7C94-A556C74B8065}"
EndProject
Project("{FAE04EC0-301F-11D3-BF4B-00C04F79EFBC}") = "Assembly-CSharp-Editor", "Assembly-CSharp-Editor.csproj", "{8E4B5A69-B9A1-F4C8-D6EE-1936120ECC61}"
EndProject
Global
	GlobalSection(SolutionConfigurationPlatforms) = preSolution
		Debug|Any CPU = Debug|Any CPU
		Release|Any CPU = Release|Any CPU
	EndGlobalSection
	GlobalSection(ProjectConfigurationPlatforms) = postSolution
		{12595188-6625-C056-4C92-F9D2DD8BB77C}.Debug|Any CPU.ActiveCfg = Debug|Any CPU
		{12595188-6625-C056-4C92-F9D2DD8BB77C}.Debug|Any CPU.Build.0 = Debug|Any CPU
		{12595188-6625-C056-4C92-F9D2DD8BB77C}.Release|Any CPU.ActiveCfg = Release|Any CPU
		{12595188-6625-C056-4C92-F9D2DD8BB77C}.Release|Any CPU.Build.0 = Release|Any CPU
		{B5637947-15CB-BE6C-251A-F2AE0CB18FF2}.Debug|Any CPU.ActiveCfg = Debug|Any CPU
		{B5637947-15CB-BE6C-251A-F2AE0CB18FF2}.Debug|Any CPU.Build.0 = Debug|Any CPU
		{B5637947-15CB-BE6C-251A-F2AE0CB18FF2}.Release|Any CPU.ActiveCfg = Release|Any CPU
		{B5637947-15CB-BE6C-251A-F2AE0CB18FF2}.Release|Any CPU.Build.0 = Release|Any CPU
		{E37E80C4-92EF-908F-9942-895DD54A6E57}.Debug|Any CPU.ActiveCfg = Debug|Any CPU
		{E37E80C4-92EF-908F-9942-895DD54A6E57}.Debug|Any CPU.Build.0 = Debug|Any CPU
		{E37E80C4-92EF-908F-9942-895DD54A6E57}.Release|Any CPU.ActiveCfg = Release|Any CPU
		{E37E80C4-92EF-908F-9942-895DD54A6E57}.Release|Any CPU.Build.0 = Release|Any CPU
		{3FA6CE3A-50F7-B80C-7C94-A556C74B8065}.Debug|Any CPU.ActiveCfg = Debug|Any CPU
		{3FA6CE3A-50F7-B80C-7C94-A556C74B8065}.Debug|Any CPU.Build.0 = Debug|Any CPU
		{3FA6CE3A-50F7-B80C-7C94-A556C74B8065}.Release|Any CPU.ActiveCfg = Release|Any CPU
		{3FA6CE3A-50F7-B80C-7C94-A556C74B8065}.Release|Any CPU.Build.0 = Release|Any CPU
		{8E4B5A69-B9A1-F4C8-D6EE-1936120ECC61}.Debug|Any CPU.ActiveCfg = Debug|Any CPU
		{8E4B5A69-B9A1-F4C8-D6EE-1936120ECC61}.Debug|Any CPU.Build.0 = Debug|Any CPU
		{8E4B5A69-B9A1-F4C8-D6EE-1936120ECC61}.Release|Any CPU.ActiveCfg = Release|Any CPU
		{8E4B5A69-B9A1-F4C8-D6EE-1936120ECC61}.Release|Any CPU.Build.0 = Release|Any CPU
	EndGlobalSection
	GlobalSection(SolutionProperties) = preSolution
		HideSolutionNode = FALSE
	EndGlobalSection
	GlobalSection(MonoDevelopProperties) = preSolution
		StartupItem = Assembly-CSharp.csproj
	EndGlobalSection
EndGlobal
